
Microsoft Visual Studio Solution File, Format Version 12.00
# Visual Studio Version 17
VisualStudioVersion = 17.14.36518.9 d17.14
MinimumVisualStudioVersion = 10.0.40219.1
Project("{FAE04EC0-301F-11D3-BF4B-00C04F79EFBC}") = "SocialNetworkArmy", "SocialNetworkArmy\SocialNetworkArmy.csproj", "{20236526-4A90-47B6-812E-1A0358BEA9F1}"
EndProject
Global
	GlobalSection(SolutionConfigurationPlatforms) = preSolution
		Debug|Any CPU = Debug|Any CPU
		Release|Any CPU = Release|Any CPU
	EndGlobalSection
	GlobalSection(ProjectConfigurationPlatforms) = postSolution
		{20236526-4A90-47B6-812E-1A0358BEA9F1}.Debug|Any CPU.ActiveCfg = Debug|Any CPU
		{20236526-4A90-47B6-812E-1A0358BEA9F1}.Debug|Any CPU.Build.0 = Debug|Any CPU
		{20236526-4A90-47B6-812E-1A0358BEA9F1}.Release|Any CPU.ActiveCfg = Release|Any CPU
		{20236526-4A90-47B6-812E-1A0358BEA9F1}.Release|Any CPU.Build.0 = Release|Any CPU
	EndGlobalSection
	GlobalSection(SolutionProperties) = preSolution
		HideSolutionNode = FALSE
	EndGlobalSection
	GlobalSection(ExtensibilityGlobals) = postSolution
		SolutionGuid = {BB2A3AD2-BEC4-44EA-AD13-9168FCE51B46}
	EndGlobalSection
EndGlobal
